PODS:
  - BaseStone (0.2.0):
    - STHTTPRequest (~> 1.1.3)
  - STHTTPRequest (1.1.3)

DEPENDENCIES:
  - BaseStone (from `../`)

EXTERNAL SOURCES:
  BaseStone:
    :path: "../"

SPEC CHECKSUMS:
  BaseStone: 44aec4c9c4e72659d2db2e1559d9a995eb10ea69
  STHTTPRequest: e3fce1ef31c0449296687dd3ad2089dff2fdcbf1

PODFILE CHECKSUM: 0cd3946bf2575c0d4b2f45c2de9f8b3ed6005924

COCOAPODS: 1.2.1
